
Microsoft Visual Studio Solution File, Format Version 12.00
# Visual Studio Version 17
VisualStudioVersion = 17.14.36518.9
MinimumVisualStudioVersion = 10.0.40219.1
Project("{FAE04EC0-301F-11D3-BF4B-00C04F79EFBC}") = "BooksAPI", "BooksAPI.csproj", "{C3BA2C00-A5F4-4EF5-8260-5881D5AA810E}"
EndProject
Project("{FAE04EC0-301F-11D3-BF4B-00C04F79EFBC}") = "BooksAPI.Tests", "..\BooksAPI.Tests\BooksAPI.Tests.csproj", "{90C00EA8-83AA-4641-A7B4-374C1B36A67C}"
EndProject
Global
	GlobalSection(SolutionConfigurationPlatforms) = preSolution
		Debug|Any CPU = Debug|Any CPU
		Release|Any CPU = Release|Any CPU
	EndGlobalSection
	GlobalSection(ProjectConfigurationPlatforms) = postSolution
		{C3BA2C00-A5F4-4EF5-8260-5881D5AA810E}.Debug|Any CPU.ActiveCfg = Debug|Any CPU
		{C3BA2C00-A5F4-4EF5-8260-5881D5AA810E}.Debug|Any CPU.Build.0 = Debug|Any CPU
		{C3BA2C00-A5F4-4EF5-8260-5881D5AA810E}.Release|Any CPU.ActiveCfg = Release|Any CPU
		{C3BA2C00-A5F4-4EF5-8260-5881D5AA810E}.Release|Any CPU.Build.0 = Release|Any CPU
		{90C00EA8-83AA-4641-A7B4-374C1B36A67C}.Debug|Any CPU.ActiveCfg = Debug|Any CPU
		{90C00EA8-83AA-4641-A7B4-374C1B36A67C}.Debug|Any CPU.Build.0 = Debug|Any CPU
		{90C00EA8-83AA-4641-A7B4-374C1B36A67C}.Release|Any CPU.ActiveCfg = Release|Any CPU
		{90C00EA8-83AA-4641-A7B4-374C1B36A67C}.Release|Any CPU.Build.0 = Release|Any CPU
	EndGlobalSection
	GlobalSection(SolutionProperties) = preSolution
		HideSolutionNode = FALSE
	EndGlobalSection
	GlobalSection(ExtensibilityGlobals) = postSolution
		SolutionGuid = {AE3EAF7C-ADCD-4581-8885-C670F8CBFBF6}
	EndGlobalSection
EndGlobal
